
Microsoft Visual Studio Solution File, Format Version 12.00
# Visual Studio Version 17
VisualStudioVersion = 17.2.32516.85
MinimumVisualStudioVersion = 10.0.40219.1
Project("{2150E333-8FDC-42A3-9474-1A3956D46DE8}") = "ShopManagement", "ShopManagement", "{BEA75E73-8FA8-402C-BF05-4B2F0AD1DFF7}"
EndProject
Project("{2150E333-8FDC-42A3-9474-1A3956D46DE8}") = "Sm.Domain", "Sm.Domain", "{F15742FF-4F61-4D2A-A479-C8C86F3C34D0}"
EndProject
Project("{9A19103F-16F7-4668-BE54-9A1E7A4F7556}") = "ShopManagement.Domain", "ShopManagement.Domain\ShopManagement.Domain.csproj", "{81DAED5B-A758-4D2E-9FFD-F1966D66CBB4}"
EndProject
Project("{2150E333-8FDC-42A3-9474-1A3956D46DE8}") = "01.Framework", "01.Framework", "{4A5F3748-D60A-4AFA-A19C-F7412BE17173}"
EndProject
Project("{9A19103F-16F7-4668-BE54-9A1E7A4F7556}") = "MyFramework", "MyFrameWork\MyFramework.csproj", "{EBF6EC4E-03CD-4AA9-AD15-4A99D4023A60}"
EndProject
Project("{2150E333-8FDC-42A3-9474-1A3956D46DE8}") = "Sm.Application", "Sm.Application", "{3181A998-8594-436C-B8D7-7E6FA23E77A8}"
EndProject
Project("{9A19103F-16F7-4668-BE54-9A1E7A4F7556}") = "ShopManagement.Application", "Sm.Application\ShopManagement.Application.csproj", "{E77D8ED7-5B94-4D9F-BBB9-FA312C383CC0}"
EndProject
Project("{9A19103F-16F7-4668-BE54-9A1E7A4F7556}") = "ShopManagement.Contracts", "Sm.Contracts\ShopManagement.Contracts.csproj", "{06226CFC-73BA-4800-A494-94208C77F8B7}"
EndProject
Project("{2150E333-8FDC-42A3-9474-1A3956D46DE8}") = "Sm.Infrastructure", "Sm.Infrastructure", "{AFC66E7C-8DEC-4C05-8F9C-F961DC5489D5}"
EndProject
Project("{9A19103F-16F7-4668-BE54-9A1E7A4F7556}") = "ShopManagement.Infrastructure.EfCore", "ShopManagement.Infrastructure\ShopManagement.Infrastructure.EfCore.csproj", "{A2C8A443-6957-4752-8F8F-60389812F899}"
EndProject
Project("{9A19103F-16F7-4668-BE54-9A1E7A4F7556}") = "ShopManagement.Configuration", "ShopManagement.Configuration\ShopManagement.Configuration.csproj", "{04E40090-1821-421E-8533-C6FF83B8BCF6}"
EndProject
Project("{9A19103F-16F7-4668-BE54-9A1E7A4F7556}") = "ServiceHost", "ServiceHost\ServiceHost.csproj", "{AAFFFBA7-702E-4CB4-8CF4-C3111BD59B81}"
EndProject
Project("{9A19103F-16F7-4668-BE54-9A1E7A4F7556}") = "ShopManagement.Query", "ShopManagement.Query\ShopManagement.Query.csproj", "{A5D69CE8-79E0-41F8-B1F3-639D175BBFC9}"
EndProject
Project("{2150E333-8FDC-42A3-9474-1A3956D46DE8}") = "DiscountManagement", "DiscountManagement", "{5FAF3F8F-0D30-43C1-A645-BF4AD4EFD343}"
EndProject
Project("{2150E333-8FDC-42A3-9474-1A3956D46DE8}") = "Dm.Domain", "Dm.Domain", "{36FE5969-13DC-49B6-91B3-3398B7DCBE60}"
EndProject
Project("{2150E333-8FDC-42A3-9474-1A3956D46DE8}") = "Dm.Application", "Dm.Application", "{1D046678-CA75-4E45-AE90-ABC5165C9A18}"
EndProject
Project("{2150E333-8FDC-42A3-9474-1A3956D46DE8}") = "Dm.Infrastructure", "Dm.Infrastructure", "{F6B9DBF1-5655-4E88-8569-9B75538A7D32}"
EndProject
Project("{9A19103F-16F7-4668-BE54-9A1E7A4F7556}") = "DiscountManagement.Domain", "DiscountManagement.Domain\DiscountManagement.Domain.csproj", "{5D96AA8C-A106-4922-BF84-44DF6AA3128C}"
EndProject
Project("{9A19103F-16F7-4668-BE54-9A1E7A4F7556}") = "DiscountManagement.Application", "DiscountManagement.Application\DiscountManagement.Application.csproj", "{07A53528-770F-4B66-ABCB-47E329E5E7C9}"
EndProject
Project("{9A19103F-16F7-4668-BE54-9A1E7A4F7556}") = "DiscountManagement.Infrastructure.EfCore", "DiscountManagement.Infrastructure\DiscountManagement.Infrastructure.EfCore.csproj", "{52C81F30-9C07-49D1-8EAB-8833163E763B}"
EndProject
Project("{9A19103F-16F7-4668-BE54-9A1E7A4F7556}") = "DiscountManagement.Contracts", "DiscountManagement.Contracts\DiscountManagement.Contracts.csproj", "{A2339377-C359-44D3-BD02-0460D3111C5D}"
EndProject
Project("{9A19103F-16F7-4668-BE54-9A1E7A4F7556}") = "DiscountManagement.Configuration", "DiscountManagement.Configuration\DiscountManagement.Configuration.csproj", "{73C8327B-3C88-4BB2-9389-940F34E21132}"
EndProject
Project("{2150E333-8FDC-42A3-9474-1A3956D46DE8}") = "InventoryManagement", "InventoryManagement", "{3023B474-62CF-4071-A382-11C0FB282CDD}"
EndProject
Project("{2150E333-8FDC-42A3-9474-1A3956D46DE8}") = "Im.Domain", "Im.Domain", "{7E13F955-6E03-4166-961D-9E1C3DDFD8BE}"
EndProject
Project("{9A19103F-16F7-4668-BE54-9A1E7A4F7556}") = "InventoryManaement.Domain", "InventoryManaement.Domain\InventoryManaement.Domain.csproj", "{330659B4-DBD9-4D93-8E5D-9CA802B7AC29}"
EndProject
Project("{9A19103F-16F7-4668-BE54-9A1E7A4F7556}") = "InventoryManagement.Application", "InventoryManagement\InventoryManagement.Application.csproj", "{F0C88196-CDFC-4BF0-A203-706F05724CAD}"
EndProject
Project("{2150E333-8FDC-42A3-9474-1A3956D46DE8}") = "Im.Application", "Im.Application", "{816CAFB6-662B-461B-B3D1-0850C3F96C6B}"
EndProject
Project("{9A19103F-16F7-4668-BE54-9A1E7A4F7556}") = "InventoryManagement.Conracts", "InventoryManagement.Conracts\InventoryManagement.Conracts.csproj", "{BC768994-4C3D-492D-8F8F-EAD6F4576E1B}"
EndProject
Project("{2150E333-8FDC-42A3-9474-1A3956D46DE8}") = "Im.Infrastructure", "Im.Infrastructure", "{667C37D6-AF86-4BA9-B2A9-9C7D948E5A58}"
EndProject
Project("{9A19103F-16F7-4668-BE54-9A1E7A4F7556}") = "InventoryManagement.Infrastructure.EfCore", "InventoryManagement.Infrastructure\InventoryManagement.Infrastructure.EfCore.csproj", "{FFBEA260-E8F2-4B19-B33B-3EC271FB061F}"
EndProject
Project("{9A19103F-16F7-4668-BE54-9A1E7A4F7556}") = "InventoryManagement.Configuratiom", "InventoryManagement.Configuratiom\InventoryManagement.Configuratiom.csproj", "{27B8E39D-F26D-43BB-BE87-4FDEC07530C5}"
EndProject
Project("{2150E333-8FDC-42A3-9474-1A3956D46DE8}") = "BlogManagement", "BlogManagement", "{4A83348E-C598-4851-AF3C-486B02FC4A88}"
EndProject
Project("{2150E333-8FDC-42A3-9474-1A3956D46DE8}") = "Bm.Domain", "Bm.Domain", "{D8D82323-D527-4606-B670-8242138A8D95}"
EndProject
Project("{2150E333-8FDC-42A3-9474-1A3956D46DE8}") = "Bm.Application", "Bm.Application", "{D0B91ECA-39B4-4A52-B9D8-67CC9BD980D6}"
EndProject
Project("{2150E333-8FDC-42A3-9474-1A3956D46DE8}") = "Bm.Infrastructure", "Bm.Infrastructure", "{03A8D3C1-7824-466A-8DFE-02C3AF19A883}"
EndProject
Project("{9A19103F-16F7-4668-BE54-9A1E7A4F7556}") = "BlogManagement.Domain", "BlogManagement.Domain\BlogManagement.Domain.csproj", "{49930D99-296E-4F2B-BA46-2DC32A6D096F}"
EndProject
Project("{9A19103F-16F7-4668-BE54-9A1E7A4F7556}") = "BlogManagement.Contracts", "BlogManagement.Contracts\BlogManagement.Contracts.csproj", "{F4F7862D-6F10-454D-BB3B-1B8214A5EF3C}"
EndProject
Project("{9A19103F-16F7-4668-BE54-9A1E7A4F7556}") = "BlogManagement.Application", "BlogManagement.Application\BlogManagement.Application.csproj", "{6154DA2A-DC09-4E0A-84C2-8E921E3A5BC5}"
EndProject
Project("{9A19103F-16F7-4668-BE54-9A1E7A4F7556}") = "BlogManagement.Infrastructure.EfCore", "BlogManagement.Infrastructure\BlogManagement.Infrastructure.EfCore.csproj", "{DA2035C3-67A9-4A13-AF07-492000B68017}"
EndProject
Project("{9A19103F-16F7-4668-BE54-9A1E7A4F7556}") = "BlogManagement.Configuration", "BlogManagement.Configuration\BlogManagement.Configuration.csproj", "{FE69EBB8-B687-4D6E-9A84-998057B42160}"
EndProject
Project("{2150E333-8FDC-42A3-9474-1A3956D46DE8}") = "CommentManagement", "CommentManagement", "{557F7B99-B07F-4B17-9D8B-7278DC256499}"
EndProject
Project("{2150E333-8FDC-42A3-9474-1A3956D46DE8}") = "Cm.Application", "Cm.Application", "{7082026D-0452-4B07-B732-7E2492ED9913}"
EndProject
Project("{2150E333-8FDC-42A3-9474-1A3956D46DE8}") = "Cm.Domain", "Cm.Domain", "{536277EF-05D5-4210-9D27-4F967DC175F4}"
EndProject
Project("{2150E333-8FDC-42A3-9474-1A3956D46DE8}") = "Cm.Infrastructure", "Cm.Infrastructure", "{C35A8E3A-EC9D-4DCD-9F2A-85BEAA408CD8}"
EndProject
Project("{9A19103F-16F7-4668-BE54-9A1E7A4F7556}") = "CommentManagement.Domain", "CommentManagement.Domain\CommentManagement.Domain.csproj", "{2B5AF4A7-F8DB-41B7-9F77-3BAF0F080C1F}"
EndProject
Project("{9A19103F-16F7-4668-BE54-9A1E7A4F7556}") = "CommentManagement.Application", "CommentManagement.Application\CommentManagement.Application.csproj", "{A79A1DB1-B61B-4255-81DB-1E9C04420FAF}"
EndProject
Project("{9A19103F-16F7-4668-BE54-9A1E7A4F7556}") = "CommentManagement.Contracts", "CommentManagement.Contracts\CommentManagement.Contracts.csproj", "{3594A7F2-B2F7-449A-A31D-81911F54CD4A}"
EndProject
Project("{9A19103F-16F7-4668-BE54-9A1E7A4F7556}") = "CommentManagement.Infrastructure.EfCore", "Cm.Infrastructure.EfCore\CommentManagement.Infrastructure.EfCore.csproj", "{0EA28C41-9842-44D2-9019-806531F351B1}"
EndProject
Project("{9A19103F-16F7-4668-BE54-9A1E7A4F7556}") = "CommentManagement.Configuration", "CommentManagement.Configuration\CommentManagement.Configuration.csproj", "{9BA846BE-F0EC-4628-9C18-2B84DEF05909}"
EndProject
Project("{9A19103F-16F7-4668-BE54-9A1E7A4F7556}") = "CommentManagement.Query", "CommentManagement.Query\CommentManagement.Query.csproj", "{B9CA02E6-DAD3-49A5-AA4F-FB22ED759808}"
EndProject
Project("{2150E333-8FDC-42A3-9474-1A3956D46DE8}") = "AccountManagement", "AccountManagement", "{930CBA0D-DA3A-49CD-93DC-6D5CDB26D823}"
EndProject
Project("{2150E333-8FDC-42A3-9474-1A3956D46DE8}") = "Am.Domain", "Am.Domain", "{D63BABD8-B9A1-456A-B8C3-2278E015D3EE}"
EndProject
Project("{9A19103F-16F7-4668-BE54-9A1E7A4F7556}") = "AcoountManagement.Domain", "AcoountManagement.Domain\AcoountManagement.Domain.csproj", "{1614A88C-8766-45ED-8DD9-6AF4A0AE1B0D}"
EndProject
Project("{2150E333-8FDC-42A3-9474-1A3956D46DE8}") = "Am.Application", "Am.Application", "{5AEC6908-ABF1-4A72-8DDA-92CBE872D865}"
EndProject
Project("{9A19103F-16F7-4668-BE54-9A1E7A4F7556}") = "AccountManagement.Contracts", "AccountManagement.Contracts\AccountManagement.Contracts.csproj", "{DE803A33-5ED1-4EAF-9B73-193C559D1A67}"
EndProject
Project("{2150E333-8FDC-42A3-9474-1A3956D46DE8}") = "Am.Infrastructure", "Am.Infrastructure", "{CFA8E67A-87F1-441C-A401-4AAB1830C86B}"
EndProject
Project("{9A19103F-16F7-4668-BE54-9A1E7A4F7556}") = "AccountManagement.Infrastrucure.EfCore", "AccountManagement.Infrastrucure.EfCore\AccountManagement.Infrastrucure.EfCore.csproj", "{0B9B4EFA-977C-4FF2-8AAD-F37FC370A2F1}"
EndProject
Project("{9A19103F-16F7-4668-BE54-9A1E7A4F7556}") = "AccountManagement.Configuration", "AccountManagement.Config\AccountManagement.Configuration.csproj", "{B467B0B9-7A48-4DC7-BBB2-66604B4FD053}"
EndProject
Project("{FAE04EC0-301F-11D3-BF4B-00C04F79EFBC}") = "AccountManagement.Applications", "AccountManagement.Applications\AccountManagement.Applications.csproj", "{0D53953D-75E1-4AD4-B82F-CCA1891AA81D}"
EndProject
Global
	GlobalSection(SolutionConfigurationPlatforms) = preSolution
		Debug|Any CPU = Debug|Any CPU
		Release|Any CPU = Release|Any CPU
	EndGlobalSection
	GlobalSection(ProjectConfigurationPlatforms) = postSolution
		{81DAED5B-A758-4D2E-9FFD-F1966D66CBB4}.Debug|Any CPU.ActiveCfg = Debug|Any CPU
		{81DAED5B-A758-4D2E-9FFD-F1966D66CBB4}.Debug|Any CPU.Build.0 = Debug|Any CPU
		{81DAED5B-A758-4D2E-9FFD-F1966D66CBB4}.Release|Any CPU.ActiveCfg = Release|Any CPU
		{81DAED5B-A758-4D2E-9FFD-F1966D66CBB4}.Release|Any CPU.Build.0 = Release|Any CPU
		{EBF6EC4E-03CD-4AA9-AD15-4A99D4023A60}.Debug|Any CPU.ActiveCfg = Debug|Any CPU
		{EBF6EC4E-03CD-4AA9-AD15-4A99D4023A60}.Debug|Any CPU.Build.0 = Debug|Any CPU
		{EBF6EC4E-03CD-4AA9-AD15-4A99D4023A60}.Release|Any CPU.ActiveCfg = Release|Any CPU
		{EBF6EC4E-03CD-4AA9-AD15-4A99D4023A60}.Release|Any CPU.Build.0 = Release|Any CPU
		{E77D8ED7-5B94-4D9F-BBB9-FA312C383CC0}.Debug|Any CPU.ActiveCfg = Debug|Any CPU
		{E77D8ED7-5B94-4D9F-BBB9-FA312C383CC0}.Debug|Any CPU.Build.0 = Debug|Any CPU
		{E77D8ED7-5B94-4D9F-BBB9-FA312C383CC0}.Release|Any CPU.ActiveCfg = Release|Any CPU
		{E77D8ED7-5B94-4D9F-BBB9-FA312C383CC0}.Release|Any CPU.Build.0 = Release|Any CPU
		{06226CFC-73BA-4800-A494-94208C77F8B7}.Debug|Any CPU.ActiveCfg = Debug|Any CPU
		{06226CFC-73BA-4800-A494-94208C77F8B7}.Debug|Any CPU.Build.0 = Debug|Any CPU
		{06226CFC-73BA-4800-A494-94208C77F8B7}.Release|Any CPU.ActiveCfg = Release|Any CPU
		{06226CFC-73BA-4800-A494-94208C77F8B7}.Release|Any CPU.Build.0 = Release|Any CPU
		{A2C8A443-6957-4752-8F8F-60389812F899}.Debug|Any CPU.ActiveCfg = Debug|Any CPU
		{A2C8A443-6957-4752-8F8F-60389812F899}.Debug|Any CPU.Build.0 = Debug|Any CPU
		{A2C8A443-6957-4752-8F8F-60389812F899}.Release|Any CPU.ActiveCfg = Release|Any CPU
		{A2C8A443-6957-4752-8F8F-60389812F899}.Release|Any CPU.Build.0 = Release|Any CPU
		{04E40090-1821-421E-8533-C6FF83B8BCF6}.Debug|Any CPU.ActiveCfg = Debug|Any CPU
		{04E40090-1821-421E-8533-C6FF83B8BCF6}.Debug|Any CPU.Build.0 = Debug|Any CPU
		{04E40090-1821-421E-8533-C6FF83B8BCF6}.Release|Any CPU.ActiveCfg = Release|Any CPU
		{04E40090-1821-421E-8533-C6FF83B8BCF6}.Release|Any CPU.Build.0 = Release|Any CPU
		{AAFFFBA7-702E-4CB4-8CF4-C3111BD59B81}.Debug|Any CPU.ActiveCfg = Debug|Any CPU
		{AAFFFBA7-702E-4CB4-8CF4-C3111BD59B81}.Debug|Any CPU.Build.0 = Debug|Any CPU
		{AAFFFBA7-702E-4CB4-8CF4-C3111BD59B81}.Release|Any CPU.ActiveCfg = Release|Any CPU
		{AAFFFBA7-702E-4CB4-8CF4-C3111BD59B81}.Release|Any CPU.Build.0 = Release|Any CPU
		{A5D69CE8-79E0-41F8-B1F3-639D175BBFC9}.Debug|Any CPU.ActiveCfg = Debug|Any CPU
		{A5D69CE8-79E0-41F8-B1F3-639D175BBFC9}.Debug|Any CPU.Build.0 = Debug|Any CPU
		{A5D69CE8-79E0-41F8-B1F3-639D175BBFC9}.Release|Any CPU.ActiveCfg = Release|Any CPU
		{A5D69CE8-79E0-41F8-B1F3-639D175BBFC9}.Release|Any CPU.Build.0 = Release|Any CPU
		{5D96AA8C-A106-4922-BF84-44DF6AA3128C}.Debug|Any CPU.ActiveCfg = Debug|Any CPU
		{5D96AA8C-A106-4922-BF84-44DF6AA3128C}.Debug|Any CPU.Build.0 = Debug|Any CPU
		{5D96AA8C-A106-4922-BF84-44DF6AA3128C}.Release|Any CPU.ActiveCfg = Release|Any CPU
		{5D96AA8C-A106-4922-BF84-44DF6AA3128C}.Release|Any CPU.Build.0 = Release|Any CPU
		{07A53528-770F-4B66-ABCB-47E329E5E7C9}.Debug|Any CPU.ActiveCfg = Debug|Any CPU
		{07A53528-770F-4B66-ABCB-47E329E5E7C9}.Debug|Any CPU.Build.0 = Debug|Any CPU
		{07A53528-770F-4B66-ABCB-47E329E5E7C9}.Release|Any CPU.ActiveCfg = Release|Any CPU
		{07A53528-770F-4B66-ABCB-47E329E5E7C9}.Release|Any CPU.Build.0 = Release|Any CPU
		{52C81F30-9C07-49D1-8EAB-8833163E763B}.Debug|Any CPU.ActiveCfg = Debug|Any CPU
		{52C81F30-9C07-49D1-8EAB-8833163E763B}.Debug|Any CPU.Build.0 = Debug|Any CPU
		{52C81F30-9C07-49D1-8EAB-8833163E763B}.Release|Any CPU.ActiveCfg = Release|Any CPU
		{52C81F30-9C07-49D1-8EAB-8833163E763B}.Release|Any CPU.Build.0 = Release|Any CPU
		{A2339377-C359-44D3-BD02-0460D3111C5D}.Debug|Any CPU.ActiveCfg = Debug|Any CPU
		{A2339377-C359-44D3-BD02-0460D3111C5D}.Debug|Any CPU.Build.0 = Debug|Any CPU
		{A2339377-C359-44D3-BD02-0460D3111C5D}.Release|Any CPU.ActiveCfg = Release|Any CPU
		{A2339377-C359-44D3-BD02-0460D3111C5D}.Release|Any CPU.Build.0 = Release|Any CPU
		{73C8327B-3C88-4BB2-9389-940F34E21132}.Debug|Any CPU.ActiveCfg = Debug|Any CPU
		{73C8327B-3C88-4BB2-9389-940F34E21132}.Debug|Any CPU.Build.0 = Debug|Any CPU
		{73C8327B-3C88-4BB2-9389-940F34E21132}.Release|Any CPU.ActiveCfg = Release|Any CPU
		{73C8327B-3C88-4BB2-9389-940F34E21132}.Release|Any CPU.Build.0 = Release|Any CPU
		{330659B4-DBD9-4D93-8E5D-9CA802B7AC29}.Debug|Any CPU.ActiveCfg = Debug|Any CPU
		{330659B4-DBD9-4D93-8E5D-9CA802B7AC29}.Debug|Any CPU.Build.0 = Debug|Any CPU
		{330659B4-DBD9-4D93-8E5D-9CA802B7AC29}.Release|Any CPU.ActiveCfg = Release|Any CPU
		{330659B4-DBD9-4D93-8E5D-9CA802B7AC29}.Release|Any CPU.Build.0 = Release|Any CPU
		{F0C88196-CDFC-4BF0-A203-706F05724CAD}.Debug|Any CPU.ActiveCfg = Debug|Any CPU
		{F0C88196-CDFC-4BF0-A203-706F05724CAD}.Debug|Any CPU.Build.0 = Debug|Any CPU
		{F0C88196-CDFC-4BF0-A203-706F05724CAD}.Release|Any CPU.ActiveCfg = Release|Any CPU
		{F0C88196-CDFC-4BF0-A203-706F05724CAD}.Release|Any CPU.Build.0 = Release|Any CPU
		{BC768994-4C3D-492D-8F8F-EAD6F4576E1B}.Debug|Any CPU.ActiveCfg = Debug|Any CPU
		{BC768994-4C3D-492D-8F8F-EAD6F4576E1B}.Debug|Any CPU.Build.0 = Debug|Any CPU
		{BC768994-4C3D-492D-8F8F-EAD6F4576E1B}.Release|Any CPU.ActiveCfg = Release|Any CPU
		{BC768994-4C3D-492D-8F8F-EAD6F4576E1B}.Release|Any CPU.Build.0 = Release|Any CPU
		{FFBEA260-E8F2-4B19-B33B-3EC271FB061F}.Debug|Any CPU.ActiveCfg = Debug|Any CPU
		{FFBEA260-E8F2-4B19-B33B-3EC271FB061F}.Debug|Any CPU.Build.0 = Debug|Any CPU
		{FFBEA260-E8F2-4B19-B33B-3EC271FB061F}.Release|Any CPU.ActiveCfg = Release|Any CPU
		{FFBEA260-E8F2-4B19-B33B-3EC271FB061F}.Release|Any CPU.Build.0 = Release|Any CPU
		{27B8E39D-F26D-43BB-BE87-4FDEC07530C5}.Debug|Any CPU.ActiveCfg = Debug|Any CPU
		{27B8E39D-F26D-43BB-BE87-4FDEC07530C5}.Debug|Any CPU.Build.0 = Debug|Any CPU
		{27B8E39D-F26D-43BB-BE87-4FDEC07530C5}.Release|Any CPU.ActiveCfg = Release|Any CPU
		{27B8E39D-F26D-43BB-BE87-4FDEC07530C5}.Release|Any CPU.Build.0 = Release|Any CPU
		{49930D99-296E-4F2B-BA46-2DC32A6D096F}.Debug|Any CPU.ActiveCfg = Debug|Any CPU
		{49930D99-296E-4F2B-BA46-2DC32A6D096F}.Debug|Any CPU.Build.0 = Debug|Any CPU
		{49930D99-296E-4F2B-BA46-2DC32A6D096F}.Release|Any CPU.ActiveCfg = Release|Any CPU
		{49930D99-296E-4F2B-BA46-2DC32A6D096F}.Release|Any CPU.Build.0 = Release|Any CPU
		{F4F7862D-6F10-454D-BB3B-1B8214A5EF3C}.Debug|Any CPU.ActiveCfg = Debug|Any CPU
		{F4F7862D-6F10-454D-BB3B-1B8214A5EF3C}.Debug|Any CPU.Build.0 = Debug|Any CPU
		{F4F7862D-6F10-454D-BB3B-1B8214A5EF3C}.Release|Any CPU.ActiveCfg = Release|Any CPU
		{F4F7862D-6F10-454D-BB3B-1B8214A5EF3C}.Release|Any CPU.Build.0 = Release|Any CPU
		{6154DA2A-DC09-4E0A-84C2-8E921E3A5BC5}.Debug|Any CPU.ActiveCfg = Debug|Any CPU
		{6154DA2A-DC09-4E0A-84C2-8E921E3A5BC5}.Debug|Any CPU.Build.0 = Debug|Any CPU
		{6154DA2A-DC09-4E0A-84C2-8E921E3A5BC5}.Release|Any CPU.ActiveCfg = Release|Any CPU
		{6154DA2A-DC09-4E0A-84C2-8E921E3A5BC5}.Release|Any CPU.Build.0 = Release|Any CPU
		{DA2035C3-67A9-4A13-AF07-492000B68017}.Debug|Any CPU.ActiveCfg = Debug|Any CPU
		{DA2035C3-67A9-4A13-AF07-492000B68017}.Debug|Any CPU.Build.0 = Debug|Any CPU
		{DA2035C3-67A9-4A13-AF07-492000B68017}.Release|Any CPU.ActiveCfg = Release|Any CPU
		{DA2035C3-67A9-4A13-AF07-492000B68017}.Release|Any CPU.Build.0 = Release|Any CPU
		{FE69EBB8-B687-4D6E-9A84-998057B42160}.Debug|Any CPU.ActiveCfg = Debug|Any CPU
		{FE69EBB8-B687-4D6E-9A84-998057B42160}.Debug|Any CPU.Build.0 = Debug|Any CPU
		{FE69EBB8-B687-4D6E-9A84-998057B42160}.Release|Any CPU.ActiveCfg = Release|Any CPU
		{FE69EBB8-B687-4D6E-9A84-998057B42160}.Release|Any CPU.Build.0 = Release|Any CPU
		{2B5AF4A7-F8DB-41B7-9F77-3BAF0F080C1F}.Debug|Any CPU.ActiveCfg = Debug|Any CPU
		{2B5AF4A7-F8DB-41B7-9F77-3BAF0F080C1F}.Debug|Any CPU.Build.0 = Debug|Any CPU
		{2B5AF4A7-F8DB-41B7-9F77-3BAF0F080C1F}.Release|Any CPU.ActiveCfg = Release|Any CPU
		{2B5AF4A7-F8DB-41B7-9F77-3BAF0F080C1F}.Release|Any CPU.Build.0 = Release|Any CPU
		{A79A1DB1-B61B-4255-81DB-1E9C04420FAF}.Debug|Any CPU.ActiveCfg = Debug|Any CPU
		{A79A1DB1-B61B-4255-81DB-1E9C04420FAF}.Debug|Any CPU.Build.0 = Debug|Any CPU
		{A79A1DB1-B61B-4255-81DB-1E9C04420FAF}.Release|Any CPU.ActiveCfg = Release|Any CPU
		{A79A1DB1-B61B-4255-81DB-1E9C04420FAF}.Release|Any CPU.Build.0 = Release|Any CPU
		{3594A7F2-B2F7-449A-A31D-81911F54CD4A}.Debug|Any CPU.ActiveCfg = Debug|Any CPU
		{3594A7F2-B2F7-449A-A31D-81911F54CD4A}.Debug|Any CPU.Build.0 = Debug|Any CPU
		{3594A7F2-B2F7-449A-A31D-81911F54CD4A}.Release|Any CPU.ActiveCfg = Release|Any CPU
		{3594A7F2-B2F7-449A-A31D-81911F54CD4A}.Release|Any CPU.Build.0 = Release|Any CPU
		{0EA28C41-9842-44D2-9019-806531F351B1}.Debug|Any CPU.ActiveCfg = Debug|Any CPU
		{0EA28C41-9842-44D2-9019-806531F351B1}.Debug|Any CPU.Build.0 = Debug|Any CPU
		{0EA28C41-9842-44D2-9019-806531F351B1}.Release|Any CPU.ActiveCfg = Release|Any CPU
		{0EA28C41-9842-44D2-9019-806531F351B1}.Release|Any CPU.Build.0 = Release|Any CPU
		{9BA846BE-F0EC-4628-9C18-2B84DEF05909}.Debug|Any CPU.ActiveCfg = Debug|Any CPU
		{9BA846BE-F0EC-4628-9C18-2B84DEF05909}.Debug|Any CPU.Build.0 = Debug|Any CPU
		{9BA846BE-F0EC-4628-9C18-2B84DEF05909}.Release|Any CPU.ActiveCfg = Release|Any CPU
		{9BA846BE-F0EC-4628-9C18-2B84DEF05909}.Release|Any CPU.Build.0 = Release|Any CPU
		{B9CA02E6-DAD3-49A5-AA4F-FB22ED759808}.Debug|Any CPU.ActiveCfg = Debug|Any CPU
		{B9CA02E6-DAD3-49A5-AA4F-FB22ED759808}.Debug|Any CPU.Build.0 = Debug|Any CPU
		{B9CA02E6-DAD3-49A5-AA4F-FB22ED759808}.Release|Any CPU.ActiveCfg = Release|Any CPU
		{B9CA02E6-DAD3-49A5-AA4F-FB22ED759808}.Release|Any CPU.Build.0 = Release|Any CPU
		{1614A88C-8766-45ED-8DD9-6AF4A0AE1B0D}.Debug|Any CPU.ActiveCfg = Debug|Any CPU
		{1614A88C-8766-45ED-8DD9-6AF4A0AE1B0D}.Debug|Any CPU.Build.0 = Debug|Any CPU
		{1614A88C-8766-45ED-8DD9-6AF4A0AE1B0D}.Release|Any CPU.ActiveCfg = Release|Any CPU
		{1614A88C-8766-45ED-8DD9-6AF4A0AE1B0D}.Release|Any CPU.Build.0 = Release|Any CPU
		{DE803A33-5ED1-4EAF-9B73-193C559D1A67}.Debug|Any CPU.ActiveCfg = Debug|Any CPU
		{DE803A33-5ED1-4EAF-9B73-193C559D1A67}.Debug|Any CPU.Build.0 = Debug|Any CPU
		{DE803A33-5ED1-4EAF-9B73-193C559D1A67}.Release|Any CPU.ActiveCfg = Release|Any CPU
		{DE803A33-5ED1-4EAF-9B73-193C559D1A67}.Release|Any CPU.Build.0 = Release|Any CPU
		{0B9B4EFA-977C-4FF2-8AAD-F37FC370A2F1}.Debug|Any CPU.ActiveCfg = Debug|Any CPU
		{0B9B4EFA-977C-4FF2-8AAD-F37FC370A2F1}.Debug|Any CPU.Build.0 = Debug|Any CPU
		{0B9B4EFA-977C-4FF2-8AAD-F37FC370A2F1}.Release|Any CPU.ActiveCfg = Release|Any CPU
		{0B9B4EFA-977C-4FF2-8AAD-F37FC370A2F1}.Release|Any CPU.Build.0 = Release|Any CPU
		{B467B0B9-7A48-4DC7-BBB2-66604B4FD053}.Debug|Any CPU.ActiveCfg = Debug|Any CPU
		{B467B0B9-7A48-4DC7-BBB2-66604B4FD053}.Debug|Any CPU.Build.0 = Debug|Any CPU
		{B467B0B9-7A48-4DC7-BBB2-66604B4FD053}.Release|Any CPU.ActiveCfg = Release|Any CPU
		{B467B0B9-7A48-4DC7-BBB2-66604B4FD053}.Release|Any CPU.Build.0 = Release|Any CPU
		{0D53953D-75E1-4AD4-B82F-CCA1891AA81D}.Debug|Any CPU.ActiveCfg = Debug|Any CPU
		{0D53953D-75E1-4AD4-B82F-CCA1891AA81D}.Debug|Any CPU.Build.0 = Debug|Any CPU
		{0D53953D-75E1-4AD4-B82F-CCA1891AA81D}.Release|Any CPU.ActiveCfg = Release|Any CPU
		{0D53953D-75E1-4AD4-B82F-CCA1891AA81D}.Release|Any CPU.Build.0 = Release|Any CPU
	EndGlobalSection
	GlobalSection(SolutionProperties) = preSolution
		HideSolutionNode = FALSE
	EndGlobalSection
	GlobalSection(NestedProjects) = preSolution
		{F15742FF-4F61-4D2A-A479-C8C86F3C34D0} = {BEA75E73-8FA8-402C-BF05-4B2F0AD1DFF7}
		{81DAED5B-A758-4D2E-9FFD-F1966D66CBB4} = {F15742FF-4F61-4D2A-A479-C8C86F3C34D0}
		{EBF6EC4E-03CD-4AA9-AD15-4A99D4023A60} = {4A5F3748-D60A-4AFA-A19C-F7412BE17173}
		{3181A998-8594-436C-B8D7-7E6FA23E77A8} = {BEA75E73-8FA8-402C-BF05-4B2F0AD1DFF7}
		{E77D8ED7-5B94-4D9F-BBB9-FA312C383CC0} = {3181A998-8594-436C-B8D7-7E6FA23E77A8}
		{06226CFC-73BA-4800-A494-94208C77F8B7} = {3181A998-8594-436C-B8D7-7E6FA23E77A8}
		{AFC66E7C-8DEC-4C05-8F9C-F961DC5489D5} = {BEA75E73-8FA8-402C-BF05-4B2F0AD1DFF7}
		{A2C8A443-6957-4752-8F8F-60389812F899} = {AFC66E7C-8DEC-4C05-8F9C-F961DC5489D5}
		{04E40090-1821-421E-8533-C6FF83B8BCF6} = {AFC66E7C-8DEC-4C05-8F9C-F961DC5489D5}
		{A5D69CE8-79E0-41F8-B1F3-639D175BBFC9} = {AFC66E7C-8DEC-4C05-8F9C-F961DC5489D5}
		{36FE5969-13DC-49B6-91B3-3398B7DCBE60} = {5FAF3F8F-0D30-43C1-A645-BF4AD4EFD343}
		{1D046678-CA75-4E45-AE90-ABC5165C9A18} = {5FAF3F8F-0D30-43C1-A645-BF4AD4EFD343}
		{F6B9DBF1-5655-4E88-8569-9B75538A7D32} = {5FAF3F8F-0D30-43C1-A645-BF4AD4EFD343}
		{5D96AA8C-A106-4922-BF84-44DF6AA3128C} = {36FE5969-13DC-49B6-91B3-3398B7DCBE60}
		{07A53528-770F-4B66-ABCB-47E329E5E7C9} = {1D046678-CA75-4E45-AE90-ABC5165C9A18}
		{52C81F30-9C07-49D1-8EAB-8833163E763B} = {F6B9DBF1-5655-4E88-8569-9B75538A7D32}
		{A2339377-C359-44D3-BD02-0460D3111C5D} = {1D046678-CA75-4E45-AE90-ABC5165C9A18}
		{73C8327B-3C88-4BB2-9389-940F34E21132} = {F6B9DBF1-5655-4E88-8569-9B75538A7D32}
		{7E13F955-6E03-4166-961D-9E1C3DDFD8BE} = {3023B474-62CF-4071-A382-11C0FB282CDD}
		{330659B4-DBD9-4D93-8E5D-9CA802B7AC29} = {7E13F955-6E03-4166-961D-9E1C3DDFD8BE}
		{F0C88196-CDFC-4BF0-A203-706F05724CAD} = {816CAFB6-662B-461B-B3D1-0850C3F96C6B}
		{816CAFB6-662B-461B-B3D1-0850C3F96C6B} = {3023B474-62CF-4071-A382-11C0FB282CDD}
		{BC768994-4C3D-492D-8F8F-EAD6F4576E1B} = {816CAFB6-662B-461B-B3D1-0850C3F96C6B}
		{667C37D6-AF86-4BA9-B2A9-9C7D948E5A58} = {3023B474-62CF-4071-A382-11C0FB282CDD}
		{FFBEA260-E8F2-4B19-B33B-3EC271FB061F} = {667C37D6-AF86-4BA9-B2A9-9C7D948E5A58}
		{27B8E39D-F26D-43BB-BE87-4FDEC07530C5} = {667C37D6-AF86-4BA9-B2A9-9C7D948E5A58}
		{D8D82323-D527-4606-B670-8242138A8D95} = {4A83348E-C598-4851-AF3C-486B02FC4A88}
		{D0B91ECA-39B4-4A52-B9D8-67CC9BD980D6} = {4A83348E-C598-4851-AF3C-486B02FC4A88}
		{03A8D3C1-7824-466A-8DFE-02C3AF19A883} = {4A83348E-C598-4851-AF3C-486B02FC4A88}
		{49930D99-296E-4F2B-BA46-2DC32A6D096F} = {D8D82323-D527-4606-B670-8242138A8D95}
		{F4F7862D-6F10-454D-BB3B-1B8214A5EF3C} = {D0B91ECA-39B4-4A52-B9D8-67CC9BD980D6}
		{6154DA2A-DC09-4E0A-84C2-8E921E3A5BC5} = {D0B91ECA-39B4-4A52-B9D8-67CC9BD980D6}
		{DA2035C3-67A9-4A13-AF07-492000B68017} = {03A8D3C1-7824-466A-8DFE-02C3AF19A883}
		{FE69EBB8-B687-4D6E-9A84-998057B42160} = {03A8D3C1-7824-466A-8DFE-02C3AF19A883}
		{7082026D-0452-4B07-B732-7E2492ED9913} = {557F7B99-B07F-4B17-9D8B-7278DC256499}
		{536277EF-05D5-4210-9D27-4F967DC175F4} = {557F7B99-B07F-4B17-9D8B-7278DC256499}
		{C35A8E3A-EC9D-4DCD-9F2A-85BEAA408CD8} = {557F7B99-B07F-4B17-9D8B-7278DC256499}
		{2B5AF4A7-F8DB-41B7-9F77-3BAF0F080C1F} = {536277EF-05D5-4210-9D27-4F967DC175F4}
		{A79A1DB1-B61B-4255-81DB-1E9C04420FAF} = {7082026D-0452-4B07-B732-7E2492ED9913}
		{3594A7F2-B2F7-449A-A31D-81911F54CD4A} = {7082026D-0452-4B07-B732-7E2492ED9913}
		{0EA28C41-9842-44D2-9019-806531F351B1} = {C35A8E3A-EC9D-4DCD-9F2A-85BEAA408CD8}
		{9BA846BE-F0EC-4628-9C18-2B84DEF05909} = {C35A8E3A-EC9D-4DCD-9F2A-85BEAA408CD8}
		{B9CA02E6-DAD3-49A5-AA4F-FB22ED759808} = {C35A8E3A-EC9D-4DCD-9F2A-85BEAA408CD8}
		{D63BABD8-B9A1-456A-B8C3-2278E015D3EE} = {930CBA0D-DA3A-49CD-93DC-6D5CDB26D823}
		{1614A88C-8766-45ED-8DD9-6AF4A0AE1B0D} = {D63BABD8-B9A1-456A-B8C3-2278E015D3EE}
		{5AEC6908-ABF1-4A72-8DDA-92CBE872D865} = {930CBA0D-DA3A-49CD-93DC-6D5CDB26D823}
		{DE803A33-5ED1-4EAF-9B73-193C559D1A67} = {5AEC6908-ABF1-4A72-8DDA-92CBE872D865}
		{CFA8E67A-87F1-441C-A401-4AAB1830C86B} = {930CBA0D-DA3A-49CD-93DC-6D5CDB26D823}
		{0B9B4EFA-977C-4FF2-8AAD-F37FC370A2F1} = {CFA8E67A-87F1-441C-A401-4AAB1830C86B}
		{B467B0B9-7A48-4DC7-BBB2-66604B4FD053} = {CFA8E67A-87F1-441C-A401-4AAB1830C86B}
		{0D53953D-75E1-4AD4-B82F-CCA1891AA81D} = {5AEC6908-ABF1-4A72-8DDA-92CBE872D865}
	EndGlobalSection
	GlobalSection(ExtensibilityGlobals) = postSolution
		SolutionGuid = {E8565960-3936-4180-ADB8-FD785788A136}
	EndGlobalSection
EndGlobal
